
Microsoft Visual Studio Solution File, Format Version 10.00
# Visual Studio 2008
Project("{FAE04EC0-301F-11D3-BF4B-00C04F79EFBC}") = "CWMAdmin", "CWMAdmin\CWMAdmin.csproj", "{953E919C-201F-42AA-A8FE-A34AE7DEE300}"
EndProject
Global
	GlobalSection(SolutionConfigurationPlatforms) = preSolution
		Debug|Any CPU = Debug|Any CPU
		Release|Any CPU = Release|Any CPU
	EndGlobalSection
	GlobalSection(ProjectConfigurationPlatforms) = postSolution
		{953E919C-201F-42AA-A8FE-A34AE7DEE300}.Debug|Any CPU.ActiveCfg = Debug|Any CPU
		{953E919C-201F-42AA-A8FE-A34AE7DEE300}.Debug|Any CPU.Build.0 = Debug|Any CPU
		{953E919C-201F-42AA-A8FE-A34AE7DEE300}.Release|Any CPU.ActiveCfg = Release|Any CPU
		{953E919C-201F-42AA-A8FE-A34AE7DEE300}.Release|Any CPU.Build.0 = Release|Any CPU
	EndGlobalSection
	GlobalSection(SolutionProperties) = preSolution
		HideSolutionNode = FALSE
	EndGlobalSection
EndGlobal
